lockfileVersion: '9.0'

settings:
  autoInstallPeers: true
  excludeLinksFromLockfile: false

importers:

  .:
    dependencies:
      pnpm:
        specifier: ^11.9.0
        version: 11.9.0
    devDependencies:
      supabase:
        specifier: ^2.107.0
        version: 2.107.0

packages:

  '@supabase/cli-darwin-arm64@2.107.0':
    resolution: {integrity: sha512-930MojHei14+PrGNF0QzlPJAjOYilCofgO9aTtKiQ6x36ZUI7dc4ujl5VzccC/19ex/f4ird0lH1d2U92MwDqQ==}
    cpu: [arm64]
    os: [darwin]

  '@supabase/cli-darwin-x64@2.107.0':
    resolution: {integrity: sha512-qcnichkHiCCNybtCqoeqYO6q8WuTxilaah18QilZskEM+zCSdV5rOXXfeF1BPexRxsvGYbghZ+fEQfWp7+lOUQ==}
    cpu: [x64]
    os: [darwin]

  '@supabase/cli-linux-arm64-musl@2.107.0':
    resolution: {integrity: sha512-5se1bYRIzivL+ehImnwFjBpzKZ+AwLS6/cBg6lvJOJdWatuaK9Edu6wOZAmPjVMy4vZRJ27tdL+3F7N+Vk64AA==}
    cpu: [arm64]
    os: [linux]
    libc: [musl]

  '@supabase/cli-linux-arm64@2.107.0':
    resolution: {integrity: sha512-an0dsOhPcLQXZ0sFEBm6NU1HFUjXCStHxetfJvgt4u7SiH/EyDMLfDvV7W9ef56bgG+3hoWHtih2Kplj3cecQA==}
    cpu: [arm64]
    os: [linux]
    libc: [glibc]

  '@supabase/cli-linux-x64-musl@2.107.0':
    resolution: {integrity: sha512-gXDzvDsmmJw9HbeVRFD6xboGwbu/cpBp84ZESEcXKyB8Onvs3igWKwoXMofx+ppFM1EaZb/flTwJ77b19EMD1A==}
    cpu: [x64]
    os: [linux]
    libc: [musl]

  '@supabase/cli-linux-x64@2.107.0':
    resolution: {integrity: sha512-8ttnpfBFEXk0JFmH6gw8ZCVcMa/UNH1sD6iG9PQLbK2eXdZ6kDIzGs5g+CEvxZ3j6HxEIYn9h9rfxoqGoBUgwA==}
    cpu: [x64]
    os: [linux]
    libc: [glibc]

  '@supabase/cli-windows-arm64@2.107.0':
    resolution: {integrity: sha512-V/4q5dbDgBQXhDAJaHamTm9u/kY2UJ4nNibVKOYMaLh9q7H74b8unteJ+rYHSwWZy0EIT8DTDryGP6xatKQicw==}
    cpu: [arm64]
    os: [win32]

  '@supabase/cli-windows-x64@2.107.0':
    resolution: {integrity: sha512-ciDDFUGHt6bFjtVD00cojFhB5oscZAyjPo2vg94RGUeKHXx1zo/UzfMvUlCA32y5b5KONZ4TKStCHhlFK7Clrw==}
    cpu: [x64]
    os: [win32]

  pnpm@11.9.0:
    resolution: {integrity: sha512-vWgtXQP+Ul73yf1ngMaITR51asTJyf4AxTh4KCQxDc+Q493E9Tg18G3669UIXkGFXgvLs7YN4qxburieUDbwOw==}
    engines: {node: '>=22.13'}
    hasBin: true

  supabase@2.107.0:
    resolution: {integrity: sha512-qYAbm3D//buhnY5v4L//IrBQhowN2Jd2kx16hNyOfu0+TVuWVIR1L5WsS/YOk+UJh3Ch5ABmqKebWpwn1p0ysg==}
    hasBin: true

snapshots:

  '@supabase/cli-darwin-arm64@2.107.0':
    optional: true

  '@supabase/cli-darwin-x64@2.107.0':
    optional: true

  '@supabase/cli-linux-arm64-musl@2.107.0':
    optional: true

  '@supabase/cli-linux-arm64@2.107.0':
    optional: true

  '@supabase/cli-linux-x64-musl@2.107.0':
    optional: true

  '@supabase/cli-linux-x64@2.107.0':
    optional: true

  '@supabase/cli-windows-arm64@2.107.0':
    optional: true

  '@supabase/cli-windows-x64@2.107.0':
    optional: true

  pnpm@11.9.0: {}

  supabase@2.107.0:
    optionalDependencies:
      '@supabase/cli-darwin-arm64': 2.107.0
      '@supabase/cli-darwin-x64': 2.107.0
      '@supabase/cli-linux-arm64': 2.107.0
      '@supabase/cli-linux-arm64-musl': 2.107.0
      '@supabase/cli-linux-x64': 2.107.0
      '@supabase/cli-linux-x64-musl': 2.107.0
      '@supabase/cli-windows-arm64': 2.107.0
      '@supabase/cli-windows-x64': 2.107.0
