lockfileVersion: '9.0'

settings:
  autoInstallPeers: true
  excludeLinksFromLockfile: false

importers:

  .:
    dependencies:
      pg:
        specifier: ^8.16.3
        version: 8.16.3
    devDependencies:
      supabase:
        specifier: ^2.109.1
        version: 2.109.1

packages:

  '@ecies/ciphers@0.2.6':
    resolution: {integrity: sha512-patgsRPKGkhhoBjETV4XxD0En4ui5fbX0hzayqI3M8tvNMGUoUvmyYAIWwlxBc1KX5cturfqByYdj5bYGRpN9g==}
    engines: {bun: '>=1', deno: '>=2.7.10', node: '>=16'}
    peerDependencies:
      '@noble/ciphers': ^1.0.0

  '@noble/ciphers@1.3.0':
    resolution: {integrity: sha512-2I0gnIVPtfnMw9ee9h1dJG7tp81+8Ob3OJb3Mv37rx5L40/b0i7djjCVvGOVqc9AEIQyvyu1i6ypKdFw8R8gQw==}
    engines: {node: ^14.21.3 || >=16}

  '@noble/curves@1.9.7':
    resolution: {integrity: sha512-gbKGcRUYIjA3/zCCNaWDciTMFI0dCkvou3TL8Zmy5Nc7sJ47a0jtOeZoTaMxkuqRo9cRhjOdZJXegxYE5FN/xw==}
    engines: {node: ^14.21.3 || >=16}

  '@noble/hashes@1.8.0':
    resolution: {integrity: sha512-jCs9ldd7NwzpgXDIf6P3+NrHh9/sD6CQdxHyjQI+h/6rDNo88ypBxxz45UDuZHz9r3tNz7N/VInSVoVdtXEI4A==}
    engines: {node: ^14.21.3 || >=16}

  '@supabase/cli-darwin-arm64@2.109.1':
    resolution: {integrity: sha512-tkn8tfunyqIL7RE+7DVjg6Ql2cJLPkGgh9cPafp2LbXI0qDgds0TaS+UOTHQEjci8JQXXe2wS00+122ko2QI8A==}
    cpu: [arm64]
    os: [darwin]

  '@supabase/cli-darwin-x64@2.109.1':
    resolution: {integrity: sha512-0Q5ZAoWhOyIv4ZzQOU8QbjjdB2JmznnDNyJ3VrIeuLMWoifVfUWaLZhHBNYzr4xXoxBpKrggomuAT8BaEhY3lg==}
    cpu: [x64]
    os: [darwin]

  '@supabase/cli-linux-arm64-musl@2.109.1':
    resolution: {integrity: sha512-cXNOsSU7MS+jmslGQATTD4DfWBEIHiFi7LaBWyBxHmR7tzIiZXimUXgN26ZiQjfAxU+RZq52C3k0qhi7vmqXQw==}
    cpu: [arm64]
    os: [linux]
    libc: [musl]

  '@supabase/cli-linux-arm64@2.109.1':
    resolution: {integrity: sha512-MS1djJjq5laD99+jYJUoARfSZhzRX9aXmo5piZ1yl2JXb9IXTuhiTD5olkFKQcgNckRcAZqMf4fucQGTYC767A==}
    cpu: [arm64]
    os: [linux]
    libc: [glibc]

  '@supabase/cli-linux-x64-musl@2.109.1':
    resolution: {integrity: sha512-zeD9MrZpEKJrjkSPcYp4nZeGJ9FQt0i/kiRij4ZprPP6R5l+SLi6Pk20ln+Vj/GZuWTVxX7IHJ11pgViaReAWw==}
    cpu: [x64]
    os: [linux]
    libc: [musl]

  '@supabase/cli-linux-x64@2.109.1':
    resolution: {integrity: sha512-svFmamF/vIq4/oinwY50jDi869itC9/GWrPaGtsHFkK4NUBcQtl1T37WWIivGsXwbBKNC4FjZD3dGqjL7bfW1g==}
    cpu: [x64]
    os: [linux]
    libc: [glibc]

  '@supabase/cli-windows-arm64@2.109.1':
    resolution: {integrity: sha512-NeKzgWAOpglnLwMTggTp5t44fbkfxACLkQNlCRx0q332HMM3WqsKQUsHv1MHc6ZbEc5bcMwaYjqPNI/aOWnP5g==}
    cpu: [arm64]
    os: [win32]

  '@supabase/cli-windows-x64@2.109.1':
    resolution: {integrity: sha512-L9/pDLM+4IR8646aT69ZDVcnJeg1lZZsB26ZgI775S3f8jOHP41+1UH9Oq1g9CvKiAQviuaLgtwkuvi0I/cc/A==}
    cpu: [x64]
    os: [win32]

  eciesjs@0.5.0:
    resolution: {integrity: sha512-s0J9SEVYAEPg7J63GFMApLYzPH9VNIQIyC6s15JpnqVc0TqcKWdbgFlnAweEBRyMmko2dcs2sfC83Hj4J43tuA==}
    engines: {bun: '>=1', deno: '>=2.7.10', node: '>=16'}

  jose@6.2.3:
    resolution: {integrity: sha512-YYVDInQKFJfR/xa3ojUTl8c2KoTwiL1R5Wg9YCydwH0x0B9grbzlg5HC7mMjCtUJjbQ/YnGEZIhI5tCgfTb4Hw==}

  pg-cloudflare@1.4.0:
    resolution: {integrity: sha512-Vo7z/6rrQYxpNRylp4Tlob2elzbh+N/MOQbxFVWCxS7oEx6jF53GTJFxK2WWpKuBRkmiin4Mt+xofFDjx09R0A==}

  pg-connection-string@2.14.0:
    resolution: {integrity: sha512-XwWDGcLRGCXAR8F/AM5bG7Q+A3Wm2s6QeEjlOKZLlH3UYcguiqCWKyWXVag5TLTIjR7oOJUY8kcADaZgWPyLeg==}

  pg-int8@1.0.1:
    resolution: {integrity: sha512-WCtabS6t3c8SkpDBUlb1kjOs7l66xsGdKpIPZsg4wR+B3+u9UAum2odSsF9tnvxg80h4ZxLWMy4pRjOsFIqQpw==}
    engines: {node: '>=4.0.0'}

  pg-pool@3.14.0:
    resolution: {integrity: sha512-gKtPkFdQPU3DksooVLi9LsjZxrsBUZIpa+7aVx+LV5pNh0KzP4Zleud2po+ConrxbuXGBJ6Hfer6hdgpIBpBaw==}
    peerDependencies:
      pg: '>=8.0'

  pg-protocol@1.15.0:
    resolution: {integrity: sha512-cq9sECI5s0+uPUXjbz8ioyPJni6RzsRib0US67i5IoTZKw8fNeYlVE7u8F4dG7vEJJtc5wdD1K189lCCUwqWTQ==}

  pg-types@2.2.0:
    resolution: {integrity: sha512-qTAAlrEsl8s4OiEQY69wDvcMIdQN6wdz5ojQiOy6YRMuynxenON0O5oCpJI6lshc6scgAY8qvJ2On/p+CXY0GA==}
    engines: {node: '>=4'}

  pg@8.16.3:
    resolution: {integrity: sha512-enxc1h0jA/aq5oSDMvqyW3q89ra6XIIDZgCX9vkMrnz5DFTw/Ny3Li2lFQ+pt3L6MCgm/5o2o8HW9hiJji+xvw==}
    engines: {node: '>= 16.0.0'}
    peerDependencies:
      pg-native: '>=3.0.1'
    peerDependenciesMeta:
      pg-native:
        optional: true

  pgpass@1.0.5:
    resolution: {integrity: sha512-FdW9r/jQZhSeohs1Z3sI1yxFQNFvMcnmfuj4WBMUTxOrAyLMaTcE1aAMBiTlbMNaXvBCQuVi0R7hd8udDSP7ug==}

  postgres-array@2.0.0:
    resolution: {integrity: sha512-VpZrUqU5A69eQyW2c5CA1jtLecCsN2U/bD6VilrFDWq5+5UIEVO7nazS3TEcHf1zuPYO/sqGvUvW62g86RXZuA==}
    engines: {node: '>=4'}

  postgres-bytea@1.0.1:
    resolution: {integrity: sha512-5+5HqXnsZPE65IJZSMkZtURARZelel2oXUEO8rH83VS/hxH5vv1uHquPg5wZs8yMAfdv971IU+kcPUczi7NVBQ==}
    engines: {node: '>=0.10.0'}

  postgres-date@1.0.7:
    resolution: {integrity: sha512-suDmjLVQg78nMK2UZ454hAG+OAW+HQPZ6n++TNDUX+L0+uUlLywnoxJKDou51Zm+zTCjrCl0Nq6J9C5hP9vK/Q==}
    engines: {node: '>=0.10.0'}

  postgres-interval@1.2.0:
    resolution: {integrity: sha512-9ZhXKM/rw350N1ovuWHbGxnGh/SNJ4cnxHiM0rxE4VN41wsg8P8zWn9hv/buK00RP4WvlOyr/RBDiptyxVbkZQ==}
    engines: {node: '>=0.10.0'}

  split2@4.2.0:
    resolution: {integrity: sha512-UcjcJOWknrNkF6PLX83qcHM6KHgVKNkV62Y8a5uYDVv9ydGQVwAHMKqHdJje1VTWpljG0WYpCDhrCdAOYH4TWg==}
    engines: {node: '>= 10.x'}

  supabase@2.109.1:
    resolution: {integrity: sha512-N2yP2MHTxOxXBWhfn3poudpJn4pkPosAUo7J/46FTou/l7wOwFi9tox8NSN6HljWkfM0zhwPRimNNGC9XBMoxQ==}
    hasBin: true

  xtend@4.0.2:
    resolution: {integrity: sha512-LKYU1iAXJXUgAXn9URjiu+MWhyUXHsvfp7mcuYm9dSUKK0/CjtrUwFAxD82/mCWbtLsGjFIad0wIsod4zrTAEQ==}
    engines: {node: '>=0.4'}

snapshots:

  '@ecies/ciphers@0.2.6(@noble/ciphers@1.3.0)':
    dependencies:
      '@noble/ciphers': 1.3.0

  '@noble/ciphers@1.3.0': {}

  '@noble/curves@1.9.7':
    dependencies:
      '@noble/hashes': 1.8.0

  '@noble/hashes@1.8.0': {}

  '@supabase/cli-darwin-arm64@2.109.1':
    optional: true

  '@supabase/cli-darwin-x64@2.109.1':
    optional: true

  '@supabase/cli-linux-arm64-musl@2.109.1':
    optional: true

  '@supabase/cli-linux-arm64@2.109.1':
    optional: true

  '@supabase/cli-linux-x64-musl@2.109.1':
    optional: true

  '@supabase/cli-linux-x64@2.109.1':
    optional: true

  '@supabase/cli-windows-arm64@2.109.1':
    optional: true

  '@supabase/cli-windows-x64@2.109.1':
    optional: true

  eciesjs@0.5.0:
    dependencies:
      '@ecies/ciphers': 0.2.6(@noble/ciphers@1.3.0)
      '@noble/ciphers': 1.3.0
      '@noble/curves': 1.9.7
      '@noble/hashes': 1.8.0

  jose@6.2.3: {}

  pg-cloudflare@1.4.0:
    optional: true

  pg-connection-string@2.14.0: {}

  pg-int8@1.0.1: {}

  pg-pool@3.14.0(pg@8.16.3):
    dependencies:
      pg: 8.16.3

  pg-protocol@1.15.0: {}

  pg-types@2.2.0:
    dependencies:
      pg-int8: 1.0.1
      postgres-array: 2.0.0
      postgres-bytea: 1.0.1
      postgres-date: 1.0.7
      postgres-interval: 1.2.0

  pg@8.16.3:
    dependencies:
      pg-connection-string: 2.14.0
      pg-pool: 3.14.0(pg@8.16.3)
      pg-protocol: 1.15.0
      pg-types: 2.2.0
      pgpass: 1.0.5
    optionalDependencies:
      pg-cloudflare: 1.4.0

  pgpass@1.0.5:
    dependencies:
      split2: 4.2.0

  postgres-array@2.0.0: {}

  postgres-bytea@1.0.1: {}

  postgres-date@1.0.7: {}

  postgres-interval@1.2.0:
    dependencies:
      xtend: 4.0.2

  split2@4.2.0: {}

  supabase@2.109.1:
    dependencies:
      eciesjs: 0.5.0
      jose: 6.2.3
    optionalDependencies:
      '@supabase/cli-darwin-arm64': 2.109.1
      '@supabase/cli-darwin-x64': 2.109.1
      '@supabase/cli-linux-arm64': 2.109.1
      '@supabase/cli-linux-arm64-musl': 2.109.1
      '@supabase/cli-linux-x64': 2.109.1
      '@supabase/cli-linux-x64-musl': 2.109.1
      '@supabase/cli-windows-arm64': 2.109.1
      '@supabase/cli-windows-x64': 2.109.1

  xtend@4.0.2: {}
